
Microsoft Visual Studio Solution File, Format Version 12.00
# Visual Studio Version 17
VisualStudioVersion = 17.8.34322.80
MinimumVisualStudioVersion = 10.0.40219.1
Project("{FAE04EC0-301F-11D3-BF4B-00C04F79EFBC}") = "AppLogins", "AppLogins.csproj", "{D1693D92-ADFD-4BFD-AE69-30C7ECD53B31}"
EndProject
Global
	GlobalSection(SolutionConfigurationPlatforms) = preSolution
		Debug|Any CPU = Debug|Any CPU
		Release|Any CPU = Release|Any CPU
	EndGlobalSection
	GlobalSection(ProjectConfigurationPlatforms) = postSolution
		{D1693D92-ADFD-4BFD-AE69-30C7ECD53B31}.Debug|Any CPU.ActiveCfg = Debug|Any CPU
		{D1693D92-ADFD-4BFD-AE69-30C7ECD53B31}.Debug|Any CPU.Build.0 = Debug|Any CPU
		{D1693D92-ADFD-4BFD-AE69-30C7ECD53B31}.Release|Any CPU.ActiveCfg = Release|Any CPU
		{D1693D92-ADFD-4BFD-AE69-30C7ECD53B31}.Release|Any CPU.Build.0 = Release|Any CPU
	EndGlobalSection
	GlobalSection(SolutionProperties) = preSolution
		HideSolutionNode = FALSE
	EndGlobalSection
	GlobalSection(ExtensibilityGlobals) = postSolution
		SolutionGuid = {FCD325EC-6ADD-4DD1-9615-08DB94A0F52C}
	EndGlobalSection
EndGlobal
